
Microsoft Visual Studio Solution File, Format Version 11.00
# Visual C# Express 2010
Project("{FAE04EC0-301F-11D3-BF4B-00C04F79EFBC}") = "AlphaGenerator", "AlphaGenerator\AlphaGenerator.csproj", "{70B420A9-5201-48F3-8CC3-DE0C7B7008FA}"
EndProject
Global
	GlobalSection(SolutionConfigurationPlatforms) = preSolution
		Debug|x86 = Debug|x86
		Release|x86 = Release|x86
	EndGlobalSection
	GlobalSection(ProjectConfigurationPlatforms) = postSolution
		{70B420A9-5201-48F3-8CC3-DE0C7B7008FA}.Debug|x86.ActiveCfg = Debug|x86
		{70B420A9-5201-48F3-8CC3-DE0C7B7008FA}.Debug|x86.Build.0 = Debug|x86
		{70B420A9-5201-48F3-8CC3-DE0C7B7008FA}.Release|x86.ActiveCfg = Release|x86
		{70B420A9-5201-48F3-8CC3-DE0C7B7008FA}.Release|x86.Build.0 = Release|x86
	EndGlobalSection
	GlobalSection(SolutionProperties) = preSolution
		HideSolutionNode = FALSE
	EndGlobalSection
EndGlobal
